// !$*UTF8*$!
{
	archiveVersion = 1;
	classes = {
	};
	objectVersion = 48;
	objects = {

/* Begin PBXBuildFile section */
		70DA086320E634A300AFA8FC /* AppDelegate.swift in Sources */ = {isa = PBXBuildFile; fileRef = 70DA086220E634A300AFA8FC /* AppDelegate.swift */; };
		70DA086520E634A300AFA8FC /* ViewController.swift in Sources */ = {isa = PBXBuildFile; fileRef = 70DA086420E634A300AFA8FC /* ViewController.swift */; };
		70DA086820E634A300AFA8FC /* Main.storyboard in Resources */ = {isa = PBXBuildFile; fileRef = 70DA086620E634A300AFA8FC /* Main.storyboard */; };
		70DA086A20E634A300AFA8FC /* Assets.xcassets in Resources */ = {isa = PBXBuildFile; fileRef = 70DA086920E634A300AFA8FC /* Assets.xcassets */; };
		70DA086D20E634A300AFA8FC /* LaunchScreen.storyboard in Resources */ = {isa = PBXBuildFile; fileRef = 70DA086B20E634A300AFA8FC /* LaunchScreen.storyboard */; };
		70DA087820E634A300AFA8FC /* showViewAgainOneTests.swift in Sources */ = {isa = PBXBuildFile; fileRef = 70DA087720E634A300AFA8FC /* showViewAgainOneTests.swift */; };
		70DA088320E634A300AFA8FC /* showViewAgainOneUITests.swift in Sources */ = {isa = PBXBuildFile; fileRef = 70DA088220E634A300AFA8FC /* showViewAgainOneUITests.swift */; };
/* End PBXBuildFile section */

/* Begin PBXContainerItemProxy section */
		70DA087420E634A300AFA8FC /* PBXContainerItemProxy */ = {
			isa = PBXContainerItemProxy;
			containerPortal = 70DA085720E634A300AFA8FC /* Project object */;
			proxyType = 1;
			remoteGlobalIDString = 70DA085E20E634A300AFA8FC;
			remoteInfo = showViewAgainOne;
		};
		70DA087F20E634A300AFA8FC /* PBXContainerItemProxy */ = {
			isa = PBXContainerItemProxy;
			containerPortal = 70DA085720E634A300AFA8FC /* Project object */;
			proxyType = 1;
			remoteGlobalIDString = 70DA085E20E634A300AFA8FC;
			remoteInfo = showViewAgainOne;
		};
/* End PBXContainerItemProxy section */

/* Begin PBXFileReference section */
		70DA085F20E634A300AFA8FC /* showViewAgainOne.app */ = {isa = PBXFileReference; explicitFileType = wrapper.application; includeInIndex = 0; path = showViewAgainOne.app; sourceTree = BUILT_PRODUCTS_DIR; };
		70DA086220E634A300AFA8FC /* AppDelegate.swift */ = {isa = PBXFileReference; lastKnownFileType = sourcecode.swift; path = AppDelegate.swift; sourceTree = "<group>"; };
		70DA086420E634A300AFA8FC /* ViewController.swift */ = {isa = PBXFileReference; lastKnownFileType = sourcecode.swift; path = ViewController.swift; sourceTree = "<group>"; };
		70DA086720E634A300AFA8FC /* Base */ = {isa = PBXFileReference; lastKnownFileType = file.storyboard; name = Base; path = Base.lproj/Main.storyboard; sourceTree = "<group>"; };
		70DA086920E634A300AFA8FC /* Assets.xcassets */ = {isa = PBXFileReference; lastKnownFileType = folder.assetcatalog; path = Assets.xcassets; sourceTree = "<group>"; };
		70DA086C20E634A300AFA8FC /* Base */ = {isa = PBXFileReference; lastKnownFileType = file.storyboard; name = Base; path = Base.lproj/LaunchScreen.storyboard; sourceTree = "<group>"; };
		70DA086E20E634A300AFA8FC /* Info.plist */ = {isa = PBXFileReference; lastKnownFileType = text.plist.xml; path = Info.plist; sourceTree = "<group>"; };
		70DA087320E634A300AFA8FC /* showViewAgainOneTests.xctest */ = {isa = PBXFileReference; explicitFileType = wrapper.cfbundle; includeInIndex = 0; path = showViewAgainOneTests.xctest; sourceTree = BUILT_PRODUCTS_DIR; };
		70DA087720E634A300AFA8FC /* showViewAgainOneTests.swift */ = {isa = PBXFileReference; lastKnownFileType = sourcecode.swift; path = showViewAgainOneTests.swift; sourceTree = "<group>"; };
		70DA087920E634A300AFA8FC /* Info.plist */ = {isa = PBXFileReference; lastKnownFileType = text.plist.xml; path = Info.plist; sourceTree = "<group>"; };
		70DA087E20E634A300AFA8FC /* showViewAgainOneUITests.xctest */ = {isa = PBXFileReference; explicitFileType = wrapper.cfbundle; includeInIndex = 0; path = showViewAgainOneUITests.xctest; sourceTree = BUILT_PRODUCTS_DIR; };
		70DA088220E634A300AFA8FC /* showViewAgainOneUITests.swift */ = {isa = PBXFileReference; lastKnownFileType = sourcecode.swift; path = showViewAgainOneUITests.swift; sourceTree = "<group>"; };
		70DA088420E634A300AFA8FC /* Info.plist */ = {isa = PBXFileReference; lastKnownFileType = text.plist.xml; path = Info.plist; sourceTree = "<group>"; };
/* End PBXFileReference section */

/* Begin PBXFrameworksBuildPhase section */
		70DA085C20E634A300AFA8FC /* Frameworks */ = {
			isa = PBXFrameworksBuildPhase;
			buildActionMask = 2147483647;
			files = (
			);
			runOnlyForDeploymentPostprocessing = 0;
		};
		70DA087020E634A300AFA8FC /* Frameworks */ = {
			isa = PBXFrameworksBuildPhase;
			buildActionMask = 2147483647;
			files = (
			);
			runOnlyForDeploymentPostprocessing = 0;
		};
		70DA087B20E634A300AFA8FC /* Frameworks */ = {
			isa = PBXFrameworksBuildPhase;
			buildActionMask = 2147483647;
			files = (
			);
			runOnlyForDeploymentPostprocessing = 0;
		};
/* End PBXFrameworksBuildPhase section */

/* Begin PBXGroup section */
		70DA085620E634A300AFA8FC = {
			isa = PBXGroup;
			children = (
				70DA086120E634A300AFA8FC /* showViewAgainOne */,
				70DA087620E634A300AFA8FC /* showViewAgainOneTests */,
				70DA088120E634A300AFA8FC /* showViewAgainOneUITests */,
				70DA086020E634A300AFA8FC /* Products */,
			);
			sourceTree = "<group>";
		};
		70DA086020E634A300AFA8FC /* Products */ = {
			isa = PBXGroup;
			children = (
				70DA085F20E634A300AFA8FC /* showViewAgainOne.app */,
				70DA087320E634A300AFA8FC /* showViewAgainOneTests.xctest */,
				70DA087E20E634A300AFA8FC /* showViewAgainOneUITests.xctest */,
			);
			name = Products;
			sourceTree = "<group>";
		};
		70DA086120E634A300AFA8FC /* showViewAgainOne */ = {
			isa = PBXGroup;
			children = (
				70DA086220E634A300AFA8FC /* AppDelegate.swift */,
				70DA086420E634A300AFA8FC /* ViewController.swift */,
				70DA086620E634A300AFA8FC /* Main.storyboard */,
				70DA086920E634A300AFA8FC /* Assets.xcassets */,
				70DA086B20E634A300AFA8FC /* LaunchScreen.storyboard */,
				70DA086E20E634A300AFA8FC /* Info.plist */,
			);
			path = showViewAgainOne;
			sourceTree = "<group>";
		};
		70DA087620E634A300AFA8FC /* showViewAgainOneTests */ = {
			isa = PBXGroup;
			children = (
				70DA087720E634A300AFA8FC /* showViewAgainOneTests.swift */,
				70DA087920E634A300AFA8FC /* Info.plist */,
			);
			path = showViewAgainOneTests;
			sourceTree = "<group>";
		};
		70DA088120E634A300AFA8FC /* showViewAgainOneUITests */ = {
			isa = PBXGroup;
			children = (
				70DA088220E634A300AFA8FC /* showViewAgainOneUITests.swift */,
				70DA088420E634A300AFA8FC /* Info.plist */,
			);
			path = showViewAgainOneUITests;
			sourceTree = "<group>";
		};
/* End PBXGroup section */

/* Begin PBXNativeTarget section */
		70DA085E20E634A300AFA8FC /* showViewAgainOne */ = {
			isa = PBXNativeTarget;
			buildConfigurationList = 70DA088720E634A300AFA8FC /* Build configuration list for PBXNativeTarget "showViewAgainOne" */;
			buildPhases = (
				70DA085B20E634A300AFA8FC /* Sources */,
				70DA085C20E634A300AFA8FC /* Frameworks */,
				70DA085D20E634A300AFA8FC /* Resources */,
			);
			buildRules = (
			);
			dependencies = (
			);
			name = showViewAgainOne;
			productName = showViewAgainOne;
			productReference = 70DA085F20E634A300AFA8FC /* showViewAgainOne.app */;
			productType = "com.apple.product-type.application";
		};
		70DA087220E634A300AFA8FC /* showViewAgainOneTests */ = {
			isa = PBXNativeTarget;
			buildConfigurationList = 70DA088A20E634A300AFA8FC /* Build configuration list for PBXNativeTarget "showViewAgainOneTests" */;
			buildPhases = (
				70DA086F20E634A300AFA8FC /* Sources */,
				70DA087020E634A300AFA8FC /* Frameworks */,
				70DA087120E634A300AFA8FC /* Resources */,
			);
			buildRules = (
			);
			dependencies = (
				70DA087520E634A300AFA8FC /* PBXTargetDependency */,
			);
			name = showViewAgainOneTests;
			productName = showViewAgainOneTests;
			productReference = 70DA087320E634A300AFA8FC /* showViewAgainOneTests.xctest */;
			productType = "com.apple.product-type.bundle.unit-test";
		};
		70DA087D20E634A300AFA8FC /* showViewAgainOneUITests */ = {
			isa = PBXNativeTarget;
			buildConfigurationList = 70DA088D20E634A300AFA8FC /* Build configuration list for PBXNativeTarget "showViewAgainOneUITests" */;
			buildPhases = (
				70DA087A20E634A300AFA8FC /* Sources */,
				70DA087B20E634A300AFA8FC /* Frameworks */,
				70DA087C20E634A300AFA8FC /* Resources */,
			);
			buildRules = (
			);
			dependencies = (
				70DA088020E634A300AFA8FC /* PBXTargetDependency */,
			);
			name = showViewAgainOneUITests;
			productName = showViewAgainOneUITests;
			productReference = 70DA087E20E634A300AFA8FC /* showViewAgainOneUITests.xctest */;
			productType = "com.apple.product-type.bundle.ui-testing";
		};
/* End PBXNativeTarget section */

/* Begin PBXProject section */
		70DA085720E634A300AFA8FC /* Project object */ = {
			isa = PBXProject;
			attributes = {
				LastSwiftUpdateCheck = 0910;
				LastUpgradeCheck = 0910;
				ORGANIZATIONNAME = WrenchTechnology;
				TargetAttributes = {
					70DA085E20E634A300AFA8FC = {
						CreatedOnToolsVersion = 9.1;
						ProvisioningStyle = Automatic;
					};
					70DA087220E634A300AFA8FC = {
						CreatedOnToolsVersion = 9.1;
						ProvisioningStyle = Automatic;
						TestTargetID = 70DA085E20E634A300AFA8FC;
					};
					70DA087D20E634A300AFA8FC = {
						CreatedOnToolsVersion = 9.1;
						ProvisioningStyle = Automatic;
						TestTargetID = 70DA085E20E634A300AFA8FC;
					};
				};
			};
			buildConfigurationList = 70DA085A20E634A300AFA8FC /* Build configuration list for PBXProject "showViewAgainOne" */;
			compatibilityVersion = "Xcode 8.0";
			developmentRegion = en;
			hasScannedForEncodings = 0;
			knownRegions = (
				en,
				Base,
			);
			mainGroup = 70DA085620E634A300AFA8FC;
			productRefGroup = 70DA086020E634A300AFA8FC /* Products */;
			projectDirPath = "";
			projectRoot = "";
			targets = (
				70DA085E20E634A300AFA8FC /* showViewAgainOne */,
				70DA087220E634A300AFA8FC /* showViewAgainOneTests */,
				70DA087D20E634A300AFA8FC /* showViewAgainOneUITests */,
			);
		};
/* End PBXProject section */

/* Begin PBXResourcesBuildPhase section */
		70DA085D20E634A300AFA8FC /* Resources */ = {
			isa = PBXResourcesBuildPhase;
			buildActionMask = 2147483647;
			files = (
				70DA086D20E634A300AFA8FC /* LaunchScreen.storyboard in Resources */,
				70DA086A20E634A300AFA8FC /* Assets.xcassets in Resources */,
				70DA086820E634A300AFA8FC /* Main.storyboard in Resources */,
			);
			runOnlyForDeploymentPostprocessing = 0;
		};
		70DA087120E634A300AFA8FC /* Resources */ = {
			isa = PBXResourcesBuildPhase;
			buildActionMask = 2147483647;
			files = (
			);
			runOnlyForDeploymentPostprocessing = 0;
		};
		70DA087C20E634A300AFA8FC /* Resources */ = {
			isa = PBXResourcesBuildPhase;
			buildActionMask = 2147483647;
			files = (
			);
			runOnlyForDeploymentPostprocessing = 0;
		};
/* End PBXResourcesBuildPhase section */

/* Begin PBXSourcesBuildPhase section */
		70DA085B20E634A300AFA8FC /* Sources */ = {
			isa = PBXSourcesBuildPhase;
			buildActionMask = 2147483647;
			files = (
				70DA086520E634A300AFA8FC /* ViewController.swift in Sources */,
				70DA086320E634A300AFA8FC /* AppDelegate.swift in Sources */,
			);
			runOnlyForDeploymentPostprocessing = 0;
		};
		70DA086F20E634A300AFA8FC /* Sources */ = {
			isa = PBXSourcesBuildPhase;
			buildActionMask = 2147483647;
			files = (
				70DA087820E634A300AFA8FC /* showViewAgainOneTests.swift in Sources */,
			);
			runOnlyForDeploymentPostprocessing = 0;
		};
		70DA087A20E634A300AFA8FC /* Sources */ = {
			isa = PBXSourcesBuildPhase;
			buildActionMask = 2147483647;
			files = (
				70DA088320E634A300AFA8FC /* showViewAgainOneUITests.swift in Sources */,
			);
			runOnlyForDeploymentPostprocessing = 0;
		};
/* End PBXSourcesBuildPhase section */

/* Begin PBXTargetDependency section */
		70DA087520E634A300AFA8FC /* PBXTargetDependency */ = {
			isa = PBXTargetDependency;
			target = 70DA085E20E634A300AFA8FC /* showViewAgainOne */;
			targetProxy = 70DA087420E634A300AFA8FC /* PBXContainerItemProxy */;
		};
		70DA088020E634A300AFA8FC /* PBXTargetDependency */ = {
			isa = PBXTargetDependency;
			target = 70DA085E20E634A300AFA8FC /* showViewAgainOne */;
			targetProxy = 70DA087F20E634A300AFA8FC /* PBXContainerItemProxy */;
		};
/* End PBXTargetDependency section */

/* Begin PBXVariantGroup section */
		70DA086620E634A300AFA8FC /* Main.storyboard */ = {
			isa = PBXVariantGroup;
			children = (
				70DA086720E634A300AFA8FC /* Base */,
			);
			name = Main.storyboard;
			sourceTree = "<group>";
		};
		70DA086B20E634A300AFA8FC /* LaunchScreen.storyboard */ = {
			isa = PBXVariantGroup;
			children = (
				70DA086C20E634A300AFA8FC /* Base */,
			);
			name = LaunchScreen.storyboard;
			sourceTree = "<group>";
		};
/* End PBXVariantGroup section */

/* Begin XCBuildConfiguration section */
		70DA088520E634A300AFA8FC /* Debug */ = {
			isa = XCBuildConfiguration;
			buildSettings = {
				ALWAYS_SEARCH_USER_PATHS = NO;
				CLANG_ANALYZER_NONNULL = YES;
				CLANG_ANALYZER_NUMBER_OBJECT_CONVERSION = YES_AGGRESSIVE;
				CLANG_CXX_LANGUAGE_STANDARD = "gnu++14";
				CLANG_CXX_LIBRARY = "libc++";
				CLANG_ENABLE_MODULES = YES;
				CLANG_ENABLE_OBJC_ARC = YES;
				CLANG_WARN_BLOCK_CAPTURE_AUTORELEASING = YES;
				CLANG_WARN_BOOL_CONVERSION = YES;
				CLANG_WARN_COMMA = YES;
				CLANG_WARN_CONSTANT_CONVERSION = YES;
				CLANG_WARN_DIRECT_OBJC_ISA_USAGE = YES_ERROR;
				CLANG_WARN_DOCUMENTATION_COMMENTS = YES;
				CLANG_WARN_EMPTY_BODY = YES;
				CLANG_WARN_ENUM_CONVERSION = YES;
				CLANG_WARN_INFINITE_RECURSION = YES;
				CLANG_WARN_INT_CONVERSION = YES;
				CLANG_WARN_NON_LITERAL_NULL_CONVERSION = YES;
				CLANG_WARN_OBJC_LITERAL_CONVERSION = YES;
				CLANG_WARN_OBJC_ROOT_CLASS = YES_ERROR;
				CLANG_WARN_RANGE_LOOP_ANALYSIS = YES;
				CLANG_WARN_STRICT_PROTOTYPES = YES;
				CLANG_WARN_SUSPICIOUS_MOVE = YES;
				CLANG_WARN_UNGUARDED_AVAILABILITY = YES_AGGRESSIVE;
				CLANG_WARN_UNREACHABLE_CODE = YES;
				CLANG_WARN__DUPLICATE_METHOD_MATCH = YES;
				CODE_SIGN_IDENTITY = "iPhone Developer";
				COPY_PHASE_STRIP = NO;
				DEBUG_INFORMATION_FORMAT = dwarf;
				ENABLE_STRICT_OBJC_MSGSEND = YES;
				ENABLE_TESTABILITY = YES;
				GCC_C_LANGUAGE_STANDARD = gnu11;
				GCC_DYNAMIC_NO_PIC = NO;
				GCC_NO_COMMON_BLOCKS = YES;
				GCC_OPTIMIZATION_LEVEL = 0;
				GCC_PREPROCESSOR_DEFINITIONS = (
					"DEBUG=1",
					"$(inherited)",
				);
				GCC_WARN_64_TO_32_BIT_CONVERSION = YES;
				GCC_WARN_ABOUT_RETURN_TYPE = YES_ERROR;
				GCC_WARN_UNDECLARED_SELECTOR = YES;
				GCC_WARN_UNINITIALIZED_AUTOS = YES_AGGRESSIVE;
				GCC_WARN_UNUSED_FUNCTION = YES;
				GCC_WARN_UNUSED_VARIABLE = YES;
				IPHONEOS_DEPLOYMENT_TARGET = 11.1;
				MTL_ENABLE_DEBUG_INFO = YES;
				ONLY_ACTIVE_ARCH = YES;
				SDKROOT = iphoneos;
				SWIFT_ACTIVE_COMPILATION_CONDITIONS = DEBUG;
				SWIFT_OPTIMIZATION_LEVEL = "-Onone";
			};
			name = Debug;
		};
		70DA088620E634A300AFA8FC /* Release */ = {
			isa = XCBuildConfiguration;
			buildSettings = {
				ALWAYS_SEARCH_USER_PATHS = NO;
				CLANG_ANALYZER_NONNULL = YES;
				CLANG_ANALYZER_NUMBER_OBJECT_CONVERSION = YES_AGGRESSIVE;
				CLANG_CXX_LANGUAGE_STANDARD = "gnu++14";
				CLANG_CXX_LIBRARY = "libc++";
				CLANG_ENABLE_MODULES = YES;
				CLANG_ENABLE_OBJC_ARC = YES;
				CLANG_WARN_BLOCK_CAPTURE_AUTORELEASING = YES;
				CLANG_WARN_BOOL_CONVERSION = YES;
				CLANG_WARN_COMMA = YES;
				CLANG_WARN_CONSTANT_CONVERSION = YES;
				CLANG_WARN_DIRECT_OBJC_ISA_USAGE = YES_ERROR;
				CLANG_WARN_DOCUMENTATION_COMMENTS = YES;
				CLANG_WARN_EMPTY_BODY = YES;
				CLANG_WARN_ENUM_CONVERSION = YES;
				CLANG_WARN_INFINITE_RECURSION = YES;
				CLANG_WARN_INT_CONVERSION = YES;
				CLANG_WARN_NON_LITERAL_NULL_CONVERSION = YES;
				CLANG_WARN_OBJC_LITERAL_CONVERSION = YES;
				CLANG_WARN_OBJC_ROOT_CLASS = YES_ERROR;
				CLANG_WARN_RANGE_LOOP_ANALYSIS = YES;
				CLANG_WARN_STRICT_PROTOTYPES = YES;
				CLANG_WARN_SUSPICIOUS_MOVE = YES;
				CLANG_WARN_UNGUARDED_AVAILABILITY = YES_AGGRESSIVE;
				CLANG_WARN_UNREACHABLE_CODE = YES;
				CLANG_WARN__DUPLICATE_METHOD_MATCH = YES;
				CODE_SIGN_IDENTITY = "iPhone Developer";
				COPY_PHASE_STRIP = NO;
				DEBUG_INFORMATION_FORMAT = "dwarf-with-dsym";
				ENABLE_NS_ASSERTIONS = NO;
				ENABLE_STRICT_OBJC_MSGSEND = YES;
				GCC_C_LANGUAGE_STANDARD = gnu11;
				GCC_NO_COMMON_BLOCKS = YES;
				GCC_WARN_64_TO_32_BIT_CONVERSION = YES;
				GCC_WARN_ABOUT_RETURN_TYPE = YES_ERROR;
				GCC_WARN_UNDECLARED_SELECTOR = YES;
				GCC_WARN_UNINITIALIZED_AUTOS = YES_AGGRESSIVE;
				GCC_WARN_UNUSED_FUNCTION = YES;
				GCC_WARN_UNUSED_VARIABLE = YES;
				IPHONEOS_DEPLOYMENT_TARGET = 11.1;
				MTL_ENABLE_DEBUG_INFO = NO;
				SDKROOT = iphoneos;
				SWIFT_OPTIMIZATION_LEVEL = "-Owholemodule";
				VALIDATE_PRODUCT = YES;
			};
			name = Release;
		};
		70DA088820E634A300AFA8FC /* Debug */ = {
			isa = XCBuildConfiguration;
			buildSettings = {
				ASSETCATALOG_COMPILER_APPICON_NAME = AppIcon;
				CODE_SIGN_STYLE = Automatic;
				DEVELOPMENT_TEAM = E9V4WE47UM;
				INFOPLIST_FILE = showViewAgainOne/Info.plist;
				LD_RUNPATH_SEARCH_PATHS = "$(inherited) @executable_path/Frameworks";
				PRODUCT_BUNDLE_IDENTIFIER = com.wrench.cn.showViewAgainOne;
				PRODUCT_NAME = "$(TARGET_NAME)";
				SWIFT_VERSION = 4.0;
				TARGETED_DEVICE_FAMILY = "1,2";
			};
			name = Debug;
		};
		70DA088920E634A300AFA8FC /* Release */ = {
			isa = XCBuildConfiguration;
			buildSettings = {
				ASSETCATALOG_COMPILER_APPICON_NAME = AppIcon;
				CODE_SIGN_STYLE = Automatic;
				DEVELOPMENT_TEAM = E9V4WE47UM;
				INFOPLIST_FILE = showViewAgainOne/Info.plist;
				LD_RUNPATH_SEARCH_PATHS = "$(inherited) @executable_path/Frameworks";
				PRODUCT_BUNDLE_IDENTIFIER = com.wrench.cn.showViewAgainOne;
				PRODUCT_NAME = "$(TARGET_NAME)";
				SWIFT_VERSION = 4.0;
				TARGETED_DEVICE_FAMILY = "1,2";
			};
			name = Release;
		};
		70DA088B20E634A300AFA8FC /* Debug */ = {
			isa = XCBuildConfiguration;
			buildSettings = {
				ALWAYS_EMBED_SWIFT_STANDARD_LIBRARIES = YES;
				BUNDLE_LOADER = "$(TEST_HOST)";
				CODE_SIGN_STYLE = Automatic;
				DEVELOPMENT_TEAM = E9V4WE47UM;
				INFOPLIST_FILE = showViewAgainOneTests/Info.plist;
				LD_RUNPATH_SEARCH_PATHS = "$(inherited) @executable_path/Frameworks @loader_path/Frameworks";
				PRODUCT_BUNDLE_IDENTIFIER = com.wrench.cn.showViewAgainOneTests;
				PRODUCT_NAME = "$(TARGET_NAME)";
				SWIFT_VERSION = 4.0;
				TARGETED_DEVICE_FAMILY = "1,2";
				TEST_HOST = "$(BUILT_PRODUCTS_DIR)/showViewAgainOne.app/showViewAgainOne";
			};
			name = Debug;
		};
		70DA088C20E634A300AFA8FC /* Release */ = {
			isa = XCBuildConfiguration;
			buildSettings = {
				ALWAYS_EMBED_SWIFT_STANDARD_LIBRARIES = YES;
				BUNDLE_LOADER = "$(TEST_HOST)";
				CODE_SIGN_STYLE = Automatic;
				DEVELOPMENT_TEAM = E9V4WE47UM;
				INFOPLIST_FILE = showViewAgainOneTests/Info.plist;
				LD_RUNPATH_SEARCH_PATHS = "$(inherited) @executable_path/Frameworks @loader_path/Frameworks";
				PRODUCT_BUNDLE_IDENTIFIER = com.wrench.cn.showViewAgainOneTests;
				PRODUCT_NAME = "$(TARGET_NAME)";
				SWIFT_VERSION = 4.0;
				TARGETED_DEVICE_FAMILY = "1,2";
				TEST_HOST = "$(BUILT_PRODUCTS_DIR)/showViewAgainOne.app/showViewAgainOne";
			};
			name = Release;
		};
		70DA088E20E634A300AFA8FC /* Debug */ = {
			isa = XCBuildConfiguration;
			buildSettings = {
				ALWAYS_EMBED_SWIFT_STANDARD_LIBRARIES = YES;
				CODE_SIGN_STYLE = Automatic;
				DEVELOPMENT_TEAM = E9V4WE47UM;
				INFOPLIST_FILE = showViewAgainOneUITests/Info.plist;
				LD_RUNPATH_SEARCH_PATHS = "$(inherited) @executable_path/Frameworks @loader_path/Frameworks";
				PRODUCT_BUNDLE_IDENTIFIER = com.wrench.cn.showViewAgainOneUITests;
				PRODUCT_NAME = "$(TARGET_NAME)";
				SWIFT_VERSION = 4.0;
				TARGETED_DEVICE_FAMILY = "1,2";
				TEST_TARGET_NAME = showViewAgainOne;
			};
			name = Debug;
		};
		70DA088F20E634A300AFA8FC /* Release */ = {
			isa = XCBuildConfiguration;
			buildSettings = {
				ALWAYS_EMBED_SWIFT_STANDARD_LIBRARIES = YES;
				CODE_SIGN_STYLE = Automatic;
				DEVELOPMENT_TEAM = E9V4WE47UM;
				INFOPLIST_FILE = showViewAgainOneUITests/Info.plist;
				LD_RUNPATH_SEARCH_PATHS = "$(inherited) @executable_path/Frameworks @loader_path/Frameworks";
				PRODUCT_BUNDLE_IDENTIFIER = com.wrench.cn.showViewAgainOneUITests;
				PRODUCT_NAME = "$(TARGET_NAME)";
				SWIFT_VERSION = 4.0;
				TARGETED_DEVICE_FAMILY = "1,2";
				TEST_TARGET_NAME = showViewAgainOne;
			};
			name = Release;
		};
/* End XCBuildConfiguration section */

/* Begin XCConfigurationList section */
		70DA085A20E634A300AFA8FC /* Build configuration list for PBXProject "showViewAgainOne" */ = {
			isa = XCConfigurationList;
			buildConfigurations = (
				70DA088520E634A300AFA8FC /* Debug */,
				70DA088620E634A300AFA8FC /* Release */,
			);
			defaultConfigurationIsVisible = 0;
			defaultConfigurationName = Release;
		};
		70DA088720E634A300AFA8FC /* Build configuration list for PBXNativeTarget "showViewAgainOne" */ = {
			isa = XCConfigurationList;
			buildConfigurations = (
				70DA088820E634A300AFA8FC /* Debug */,
				70DA088920E634A300AFA8FC /* Release */,
			);
			defaultConfigurationIsVisible = 0;
			defaultConfigurationName = Release;
		};
		70DA088A20E634A300AFA8FC /* Build configuration list for PBXNativeTarget "showViewAgainOneTests" */ = {
			isa = XCConfigurationList;
			buildConfigurations = (
				70DA088B20E634A300AFA8FC /* Debug */,
				70DA088C20E634A300AFA8FC /* Release */,
			);
			defaultConfigurationIsVisible = 0;
			defaultConfigurationName = Release;
		};
		70DA088D20E634A300AFA8FC /* Build configuration list for PBXNativeTarget "showViewAgainOneUITests" */ = {
			isa = XCConfigurationList;
			buildConfigurations = (
				70DA088E20E634A300AFA8FC /* Debug */,
				70DA088F20E634A300AFA8FC /* Release */,
			);
			defaultConfigurationIsVisible = 0;
			defaultConfigurationName = Release;
		};
/* End XCConfigurationList section */
	};
	rootObject = 70DA085720E634A300AFA8FC /* Project object */;
}
